
Microsoft Visual Studio Solution File, Format Version 12.00
# Visual Studio Version 17
VisualStudioVersion = 17.4.33213.308
MinimumVisualStudioVersion = 10.0.40219.1
Project("{FAE04EC0-301F-11D3-BF4B-00C04F79EFBC}") = "CRUD__MVC", "CRUD__MVC\CRUD__MVC.csproj", "{8FA389DE-AFA7-46AF-8C7D-4B155AADD36C}"
EndProject
Global
	GlobalSection(SolutionConfigurationPlatforms) = preSolution
		Debug|Any CPU = Debug|Any CPU
		Release|Any CPU = Release|Any CPU
	EndGlobalSection
	GlobalSection(ProjectConfigurationPlatforms) = postSolution
		{8FA389DE-AFA7-46AF-8C7D-4B155AADD36C}.Debug|Any CPU.ActiveCfg = Debug|Any CPU
		{8FA389DE-AFA7-46AF-8C7D-4B155AADD36C}.Debug|Any CPU.Build.0 = Debug|Any CPU
		{8FA389DE-AFA7-46AF-8C7D-4B155AADD36C}.Release|Any CPU.ActiveCfg = Release|Any CPU
		{8FA389DE-AFA7-46AF-8C7D-4B155AADD36C}.Release|Any CPU.Build.0 = Release|Any CPU
	EndGlobalSection
	GlobalSection(SolutionProperties) = preSolution
		HideSolutionNode = FALSE
	EndGlobalSection
	GlobalSection(ExtensibilityGlobals) = postSolution
		SolutionGuid = {3851C43B-AEFA-4D8E-8A47-4DA9B829381B}
	EndGlobalSection
EndGlobal
